PODS:
  - Alamofire (4.9.1)
  - NOVAppReview (0.1.0):
    - NOVRemoteConfig
  - NOVRemoteConfig (1.2):
    - Alamofire
    - NOVUIKit/UIKit-Categories
    - NOVUtilities
  - NOVUIKit/UIKit-Categories (1.3):
    - NOVUtilities
  - NOVUtilities (2.2.2):
    - NOVUtilities/Defines (= 2.2.2)
    - NOVUtilities/Foundation-Categories (= 2.2.2)
    - NOVUtilities/Objc-Utilities (= 2.2.2)
    - NOVUtilities/Tools (= 2.2.2)
    - NOVUtilities/YYUtilities (= 2.2.2)
  - NOVUtilities/Defines (2.2.2):
    - NOVUtilities/Foundation-Categories
  - NOVUtilities/Foundation-Categories (2.2.2)
  - NOVUtilities/Objc-Utilities (2.2.2)
  - NOVUtilities/Tools (2.2.2)
  - NOVUtilities/YYUtilities (2.2.2):
    - NOVUtilities/Defines

DEPENDENCIES:
  - NOVAppReview (from `../`)

SPEC REPOS:
  https://gitlab.com/novapps/ios-app/framework/private-cocoapods-spec-repo.git:
    - NOVRemoteConfig
    - NOVUIKit
    - NOVUtilities
  trunk:
    - Alamofire

EXTERNAL SOURCES:
  NOVAppReview:
    :path: "../"

SPEC CHECKSUMS:
  Alamofire: 85e8a02c69d6020a0d734f6054870d7ecb75cf18
  NOVAppReview: a16f0851e64f3c4370cfc31858d34dcfc6ca2548
  NOVRemoteConfig: 7859939965ec128151bc43f05aa20080a8d143a4
  NOVUIKit: f6e9da182b80f7588dfec2f9737fc5a05a6d9ad4
  NOVUtilities: 96379fe71b6b17c07672a065e232185c53ed4b1f

PODFILE CHECKSUM: 8e2504bb6dddeffc926b2356f05f1430356ce242

COCOAPODS: 1.8.4
